{
  "nodes": {
    "hardware": {
      "locked": {
        "lastModified": 1686452266,
        "narHash": "sha256-zLKiX0iu6jZFeZDpR1gE6fNyMr8eiM8GLnj9SoUCjFs=",
        "owner": "nixos",
        "repo": "nixos-hardware",
        "rev": "2a807ad6e8dc458db08588b78cc3c0f0ec4ff321",
        "type": "github"
      },
      "original": {
        "owner": "nixos",
        "repo": "nixos-hardware",
        "type": "github"
      }
    },
    "home-manager": {
      "inputs": {
        "nixpkgs": [
          "nixpkgs"
        ]
      },
      "locked": {
        "lastModified": 1686770180,
        "narHash": "sha256-EvZXZK6Cok1yAOV6fvtLvLz2y9JY6jbpoWPDI/WQ/qg=",
        "owner": "nix-community",
        "repo": "home-manager",
        "rev": "32376992f7ef4d7ae76dda690de5b23725fd8300",
        "type": "github"
      },
      "original": {
        "owner": "nix-community",
        "repo": "home-manager",
        "type": "github"
      }
    },
    "nixpkgs": {
      "locked": {
        "lastModified": 1686592866,
        "narHash": "sha256-riGg89eWhXJcPNrQGcSwTEEm7CGxWC06oSX44hajeMw=",
        "owner": "nixos",
        "repo": "nixpkgs",
        "rev": "0eeebd64de89e4163f4d3cf34ffe925a5cf67a05",
        "type": "github"
      },
      "original": {
        "owner": "nixos",
        "ref": "nixos-unstable",
        "repo": "nixpkgs",
        "type": "github"
      }
    },
    "osu": {
      "flake": false,
      "locked": {
        "narHash": "sha256-SCmj6wA+Xr4LJ2CFxRqDd0Jh7jDIxaOftFSVQunaJUo=",
        "type": "file",
        "url": "https://github.com/ppy/osu/releases/latest/download/osu.AppImage"
      },
      "original": {
        "type": "file",
        "url": "https://github.com/ppy/osu/releases/latest/download/osu.AppImage"
      }
    },
    "root": {
      "inputs": {
        "hardware": "hardware",
        "home-manager": "home-manager",
        "nixpkgs": "nixpkgs",
        "osu": "osu"
      }
    }
  },
  "root": "root",
  "version": 7
}
